
Microsoft Visual Studio Solution File, Format Version 12.00
# Visual Studio Version 16
VisualStudioVersion = 16.0.30406.217
MinimumVisualStudioVersion = 10.0.40219.1
Project("{FAE04EC0-301F-11D3-BF4B-00C04F79EFBC}") = "Calculate", "DLL_CS_PYTHON_SETUP\Calculate.csproj", "{BABE49F4-B075-4AFF-9301-28E9BD2CD92B}"
EndProject
Project("{FAE04EC0-301F-11D3-BF4B-00C04F79EFBC}") = "SampleCS", "SampleCS\SampleCS.csproj", "{2BE102CC-4728-429B-A008-B4057BD9EF1C}"
EndProject
Global
	GlobalSection(SolutionConfigurationPlatforms) = preSolution
		Debug|Any CPU = Debug|Any CPU
		Release|Any CPU = Release|Any CPU
	EndGlobalSection
	GlobalSection(ProjectConfigurationPlatforms) = postSolution
		{BABE49F4-B075-4AFF-9301-28E9BD2CD92B}.Debug|Any CPU.ActiveCfg = Debug|Any CPU
		{BABE49F4-B075-4AFF-9301-28E9BD2CD92B}.Debug|Any CPU.Build.0 = Debug|Any CPU
		{BABE49F4-B075-4AFF-9301-28E9BD2CD92B}.Release|Any CPU.ActiveCfg = Release|Any CPU
		{BABE49F4-B075-4AFF-9301-28E9BD2CD92B}.Release|Any CPU.Build.0 = Release|Any CPU
		{2BE102CC-4728-429B-A008-B4057BD9EF1C}.Debug|Any CPU.ActiveCfg = Debug|Any CPU
		{2BE102CC-4728-429B-A008-B4057BD9EF1C}.Debug|Any CPU.Build.0 = Debug|Any CPU
		{2BE102CC-4728-429B-A008-B4057BD9EF1C}.Release|Any CPU.ActiveCfg = Release|Any CPU
		{2BE102CC-4728-429B-A008-B4057BD9EF1C}.Release|Any CPU.Build.0 = Release|Any CPU
	EndGlobalSection
	GlobalSection(SolutionProperties) = preSolution
		HideSolutionNode = FALSE
	EndGlobalSection
	GlobalSection(ExtensibilityGlobals) = postSolution
		SolutionGuid = {A6A0DA4E-AF26-4A13-890C-67A2806CBDA7}
	EndGlobalSection
EndGlobal
